# This file is automatically @generated by Cargo.
# It is not intended for manual editing.
version = 3

[[package]]
name = "swarmotter-api"
version = "0.1.0"

[[package]]
name = "swarmotter-core"
version = "0.1.0"

[[package]]
name = "swarmotter-web"
version = "0.1.0"

[[package]]
name = "swarmotterd"
version = "0.1.0"
